
Microsoft Visual Studio Solution File, Format Version 12.00
# Visual Studio Version 16
VisualStudioVersion = 16.0.29709.97
MinimumVisualStudioVersion = 10.0.40219.1
Project("{FAE04EC0-301F-11D3-BF4B-00C04F79EFBC}") = "ICZProject", "ICZProject\ICZProject.csproj", "{D7ACD1B9-9517-48A5-995E-F0AD559D6B34}"
EndProject
Global
	GlobalSection(SolutionConfigurationPlatforms) = preSolution
		Debug|Any CPU = Debug|Any CPU
		Release|Any CPU = Release|Any CPU
	EndGlobalSection
	GlobalSection(ProjectConfigurationPlatforms) = postSolution
		{D7ACD1B9-9517-48A5-995E-F0AD559D6B34}.Debug|Any CPU.ActiveCfg = Debug|Any CPU
		{D7ACD1B9-9517-48A5-995E-F0AD559D6B34}.Debug|Any CPU.Build.0 = Debug|Any CPU
		{D7ACD1B9-9517-48A5-995E-F0AD559D6B34}.Release|Any CPU.ActiveCfg = Release|Any CPU
		{D7ACD1B9-9517-48A5-995E-F0AD559D6B34}.Release|Any CPU.Build.0 = Release|Any CPU
	EndGlobalSection
	GlobalSection(SolutionProperties) = preSolution
		HideSolutionNode = FALSE
	EndGlobalSection
	GlobalSection(ExtensibilityGlobals) = postSolution
		SolutionGuid = {04AF24D9-D05D-482D-8D29-DF9AE23E9BE0}
	EndGlobalSection
EndGlobal
